
Microsoft Visual Studio Solution File, Format Version 12.00
# Visual Studio Version 17
VisualStudioVersion = 17.5.002.0
MinimumVisualStudioVersion = 10.0.40219.1
Project("{9A19103F-16F7-4668-BE54-9A1E7A4F7556}") = "Microservice", "Microservice\Microservice.csproj", "{9309E248-B373-45B1-9EF7-3F655B4CF333}"
EndProject
Global
	GlobalSection(SolutionConfigurationPlatforms) = preSolution
		Debug|Any CPU = Debug|Any CPU
		Release|Any CPU = Release|Any CPU
	EndGlobalSection
	GlobalSection(ProjectConfigurationPlatforms) = postSolution
		{9309E248-B373-45B1-9EF7-3F655B4CF333}.Debug|Any CPU.ActiveCfg = Debug|Any CPU
		{9309E248-B373-45B1-9EF7-3F655B4CF333}.Debug|Any CPU.Build.0 = Debug|Any CPU
		{9309E248-B373-45B1-9EF7-3F655B4CF333}.Release|Any CPU.ActiveCfg = Release|Any CPU
		{9309E248-B373-45B1-9EF7-3F655B4CF333}.Release|Any CPU.Build.0 = Release|Any CPU
	EndGlobalSection
	GlobalSection(SolutionProperties) = preSolution
		HideSolutionNode = FALSE
	EndGlobalSection
	GlobalSection(ExtensibilityGlobals) = postSolution
		SolutionGuid = {3EEBBB2D-2F16-4BAD-9F5F-D97BA26EF66A}
	EndGlobalSection
EndGlobal
